
Microsoft Visual Studio Solution File, Format Version 12.00
# Visual Studio 14
VisualStudioVersion = 14.0.25420.1
MinimumVisualStudioVersion = 10.0.40219.1
Project("{FAE04EC0-301F-11D3-BF4B-00C04F79EFBC}") = "Estuite", "Estuite\Estuite.csproj", "{F1CEB646-20A4-4DDF-A93A-B93268AD2934}"
EndProject
Project("{FAE04EC0-301F-11D3-BF4B-00C04F79EFBC}") = "Estuite.Specs.UnitTests", "Estuite.Specs.UnitTests\Estuite.Specs.UnitTests.csproj", "{E34BE9F3-1662-428D-80FB-A15D79372694}"
EndProject
Project("{FAE04EC0-301F-11D3-BF4B-00C04F79EFBC}") = "Estuite.Example", "Estuite.Example\Estuite.Example.csproj", "{C488F728-D585-4838-91E9-EAA9A5377445}"
EndProject
Project("{2150E333-8FDC-42A3-9474-1A3956D46DE8}") = "Solution Items", "Solution Items", "{BC94C418-0E55-4D99-8C18-127FC6215684}"
	ProjectSection(SolutionItems) = preProject
		..\README.md = ..\README.md
	EndProjectSection
EndProject
Global
	GlobalSection(SolutionConfigurationPlatforms) = preSolution
		Debug|Any CPU = Debug|Any CPU
		Release|Any CPU = Release|Any CPU
	EndGlobalSection
	GlobalSection(ProjectConfigurationPlatforms) = postSolution
		{F1CEB646-20A4-4DDF-A93A-B93268AD2934}.Debug|Any CPU.ActiveCfg = Debug|Any CPU
		{F1CEB646-20A4-4DDF-A93A-B93268AD2934}.Debug|Any CPU.Build.0 = Debug|Any CPU
		{F1CEB646-20A4-4DDF-A93A-B93268AD2934}.Release|Any CPU.ActiveCfg = Release|Any CPU
		{F1CEB646-20A4-4DDF-A93A-B93268AD2934}.Release|Any CPU.Build.0 = Release|Any CPU
		{E34BE9F3-1662-428D-80FB-A15D79372694}.Debug|Any CPU.ActiveCfg = Debug|Any CPU
		{E34BE9F3-1662-428D-80FB-A15D79372694}.Debug|Any CPU.Build.0 = Debug|Any CPU
		{E34BE9F3-1662-428D-80FB-A15D79372694}.Release|Any CPU.ActiveCfg = Release|Any CPU
		{E34BE9F3-1662-428D-80FB-A15D79372694}.Release|Any CPU.Build.0 = Release|Any CPU
		{C488F728-D585-4838-91E9-EAA9A5377445}.Debug|Any CPU.ActiveCfg = Debug|Any CPU
		{C488F728-D585-4838-91E9-EAA9A5377445}.Debug|Any CPU.Build.0 = Debug|Any CPU
		{C488F728-D585-4838-91E9-EAA9A5377445}.Release|Any CPU.ActiveCfg = Release|Any CPU
		{C488F728-D585-4838-91E9-EAA9A5377445}.Release|Any CPU.Build.0 = Release|Any CPU
	EndGlobalSection
	GlobalSection(SolutionProperties) = preSolution
		HideSolutionNode = FALSE
	EndGlobalSection
EndGlobal
